
Microsoft Visual Studio Solution File, Format Version 12.00
# Visual Studio Version 17
VisualStudioVersion = 17.5.002.0
MinimumVisualStudioVersion = 10.0.40219.1
Project("{9A19103F-16F7-4668-BE54-9A1E7A4F7556}") = "CrashAnalytics", "CrashAnalytics.csproj", "{BC72D81B-6124-4F2A-87CE-3DE13699B4D1}"
EndProject
Global
	GlobalSection(SolutionConfigurationPlatforms) = preSolution
		Debug|Any CPU = Debug|Any CPU
		Release|Any CPU = Release|Any CPU
	EndGlobalSection
	GlobalSection(ProjectConfigurationPlatforms) = postSolution
		{BC72D81B-6124-4F2A-87CE-3DE13699B4D1}.Debug|Any CPU.ActiveCfg = Debug|Any CPU
		{BC72D81B-6124-4F2A-87CE-3DE13699B4D1}.Debug|Any CPU.Build.0 = Debug|Any CPU
		{BC72D81B-6124-4F2A-87CE-3DE13699B4D1}.Release|Any CPU.ActiveCfg = Release|Any CPU
		{BC72D81B-6124-4F2A-87CE-3DE13699B4D1}.Release|Any CPU.Build.0 = Release|Any CPU
	EndGlobalSection
	GlobalSection(SolutionProperties) = preSolution
		HideSolutionNode = FALSE
	EndGlobalSection
	GlobalSection(ExtensibilityGlobals) = postSolution
		SolutionGuid = {72C9FD2B-47E4-4F64-9602-B41768C1ABF1}
	EndGlobalSection
EndGlobal
